
Microsoft Visual Studio Solution File, Format Version 12.00
# Visual Studio Version 17
VisualStudioVersion = 17.5.33414.496
MinimumVisualStudioVersion = 10.0.40219.1
Project("{FAE04EC0-301F-11D3-BF4B-00C04F79EFBC}") = "Oficina", "Oficina\Oficina.csproj", "{77013013-6271-43EA-9CD7-910E6B5D3B68}"
EndProject
Global
	GlobalSection(SolutionConfigurationPlatforms) = preSolution
		Debug|Any CPU = Debug|Any CPU
		Release|Any CPU = Release|Any CPU
	EndGlobalSection
	GlobalSection(ProjectConfigurationPlatforms) = postSolution
		{77013013-6271-43EA-9CD7-910E6B5D3B68}.Debug|Any CPU.ActiveCfg = Debug|Any CPU
		{77013013-6271-43EA-9CD7-910E6B5D3B68}.Debug|Any CPU.Build.0 = Debug|Any CPU
		{77013013-6271-43EA-9CD7-910E6B5D3B68}.Release|Any CPU.ActiveCfg = Release|Any CPU
		{77013013-6271-43EA-9CD7-910E6B5D3B68}.Release|Any CPU.Build.0 = Release|Any CPU
	EndGlobalSection
	GlobalSection(SolutionProperties) = preSolution
		HideSolutionNode = FALSE
	EndGlobalSection
	GlobalSection(ExtensibilityGlobals) = postSolution
		SolutionGuid = {6658B131-E31A-4B3E-ADA2-EFC412416B73}
	EndGlobalSection
EndGlobal
